// !$*UTF8*$!
{
	archiveVersion = 1;
	classes = {
	};
	objectVersion = 70;
	objects = {

/* Begin PBXBuildFile section */
		036FD2741EB0FCA9ABDDA551 /* DetectionEvent.swift in Sources */ = {isa = PBXBuildFile; fileRef = BC78D9438E3F6B8D4933619A /* DetectionEvent.swift */; };
		05F5AF870A839A38B9E93944 /* DhikrCounterCompanionApp.swift in Sources */ = {isa = PBXBuildFile; fileRef = AF3B7583992444EEB48508FC /* DhikrCounterCompanionApp.swift */; };
		0B20F841BCE8466863936F39 /* Assets.xcassets in Resources */ = {isa = PBXBuildFile; fileRef = 955A2F5C2ABB7D9A3B6748A9 /* Assets.xcassets */; };
		2035D7153706B6A4E0B6A76A /* MilestoneView.swift in Sources */ = {isa = PBXBuildFile; fileRef = 01E63FC198631DA60983C514 /* MilestoneView.swift */; };
		43DCBBF8A1AB8FCDB652E389 /* DhikrSession.swift in Sources */ = {isa = PBXBuildFile; fileRef = 7AFDA871D0700BE67FFE7D7D /* DhikrSession.swift */; };
		4C7A9EE206F91488BBE29406 /* ContentView.swift in Sources */ = {isa = PBXBuildFile; fileRef = 1E99CC193BB517BA466218A0 /* ContentView.swift */; };
		5E9CAF645B9CD229BEBA4B60 /* DhikrSession.swift in Sources */ = {isa = PBXBuildFile; fileRef = 7AFDA871D0700BE67FFE7D7D /* DhikrSession.swift */; };
		63E0E58DB7BA33E1C53F1DB7 /* CoreMotion.framework in Frameworks */ = {isa = PBXBuildFile; fileRef = 05895FD8BCFAEE6DFE45942C /* CoreMotion.framework */; };
		692B0EA91BAB925090D459F0 /* SensorReading.swift in Sources */ = {isa = PBXBuildFile; fileRef = A216365DDD7AF6383A11141E /* SensorReading.swift */; };
		6BC47273E49B7D5E32BC94F0 /* DataVisualizationView.swift in Sources */ = {isa = PBXBuildFile; fileRef = FEDA213EFCDD446253B7B013 /* DataVisualizationView.swift */; };
		726804E3EC7F72E2CE8F891F /* DhikrCounterApp.swift in Sources */ = {isa = PBXBuildFile; fileRef = AF6B553DA73B0BD972D1242F /* DhikrCounterApp.swift */; };
		79CDA13AC525E73D54686D18 /* WatchConnectivity.framework in Frameworks */ = {isa = PBXBuildFile; fileRef = 95962C65F7C8378891BE7110 /* WatchConnectivity.framework */; };
		79F61F1F8ED977AF362AD07B /* Foundation.framework in Frameworks */ = {isa = PBXBuildFile; fileRef = F657C64E8290259D316B999E /* Foundation.framework */; };
		7AEA6899E904E6C8DABC8B4F /* Assets.xcassets in Resources */ = {isa = PBXBuildFile; fileRef = 93456EC972708BE419D20ECF /* Assets.xcassets */; };
		7C2905802AE7A2DBA886853E /* SwiftUI.framework in Frameworks */ = {isa = PBXBuildFile; fileRef = 19B28EBF61C67C7579DB4D07 /* SwiftUI.framework */; };
		8B4DCF8588BB17059A74B1E5 /* DetectionEvent.swift in Sources */ = {isa = PBXBuildFile; fileRef = BC78D9438E3F6B8D4933619A /* DetectionEvent.swift */; };
		9BDB0D46B42A27A8BAE0242C /* WatchConnectivity.framework in Frameworks */ = {isa = PBXBuildFile; fileRef = 95962C65F7C8378891BE7110 /* WatchConnectivity.framework */; };
		9E3F8A9C6CAD1D4683CB1C72 /* DhikrDetectionEngine.swift in Sources */ = {isa = PBXBuildFile; fileRef = B95CADC91A5C2F92B6F4F9F0 /* DhikrDetectionEngine.swift */; };
		AD35DC2FC6852F771701A144 /* CompanionContentView.swift in Sources */ = {isa = PBXBuildFile; fileRef = C740095B6C0FC7671A15F035 /* CompanionContentView.swift */; };
		ADEF9BF1E2FE041A5D411AC8 /* SensorReading.swift in Sources */ = {isa = PBXBuildFile; fileRef = A216365DDD7AF6383A11141E /* SensorReading.swift */; };
		C01845AD9A84B3EABC33FB02 /* SessionView.swift in Sources */ = {isa = PBXBuildFile; fileRef = B3FCAF1BF6DC6DFB148D3241 /* SessionView.swift */; };
		D11E1A0C9DFFB780BC229F9C /* SwiftUI.framework in Frameworks */ = {isa = PBXBuildFile; fileRef = 19B28EBF61C67C7579DB4D07 /* SwiftUI.framework */; };
		F505F6572E66C792003714BE /* WatchSessionManager.swift in Sources */ = {isa = PBXBuildFile; fileRef = F505F6562E66C792003714BE /* WatchSessionManager.swift */; };
		F505F6592E66C7A2003714BE /* PhoneSessionManager.swift in Sources */ = {isa = PBXBuildFile; fileRef = F505F6582E66C7A2003714BE /* PhoneSessionManager.swift */; };
		F531EB3C2E6D23CD00CCD0B6 /* trained_templates.json in Resources */ = {isa = PBXBuildFile; fileRef = F531EB3B2E6D23CD00CCD0B6 /* trained_templates.json */; };
		F531EB422E6D795400CCD0B6 /* PinchDetector.swift in Sources */ = {isa = PBXBuildFile; fileRef = F531EB412E6D795400CCD0B6 /* PinchDetector.swift */; };
		F531EB5B2E6E778900CCD0B6 /* TKEOChartImageExporter.swift in Sources */ = {isa = PBXBuildFile; fileRef = F531EB582E6E778900CCD0B6 /* TKEOChartImageExporter.swift */; };
		F531EB5C2E6E778900CCD0B6 /* TKEOExportUI.swift in Sources */ = {isa = PBXBuildFile; fileRef = F531EB592E6E778900CCD0B6 /* TKEOExportUI.swift */; };
		F531EB5D2E6E778900CCD0B6 /* TKEOHTMLReportGenerator.swift in Sources */ = {isa = PBXBuildFile; fileRef = F531EB5A2E6E778900CCD0B6 /* TKEOHTMLReportGenerator.swift */; };
		F531EB5E2E6E778900CCD0B6 /* TKEOAnalysisDataExporter.swift in Sources */ = {isa = PBXBuildFile; fileRef = F531EB562E6E778900CCD0B6 /* TKEOAnalysisDataExporter.swift */; };
		F531EB5F2E6E778900CCD0B6 /* TKEOAnalysisExporter.swift in Sources */ = {isa = PBXBuildFile; fileRef = F531EB572E6E778900CCD0B6 /* TKEOAnalysisExporter.swift */; };
		F531EB612E6E8B3E00CCD0B6 /* TKEOChartImageExporter.swift in Sources */ = {isa = PBXBuildFile; fileRef = F531EB602E6E8B3E00CCD0B6 /* TKEOChartImageExporter.swift */; };
		F5991E902E66F499006885C5 /* DhikrCounter Watch App.app in Embed Watch Content */ = {isa = PBXBuildFile; fileRef = 31683209E7C5139A132FBBC6 /* DhikrCounter Watch App.app */; settings = {ATTRIBUTES = (RemoveHeadersOnCopy, ); }; };
		FAAC33ABD9E9A7C22A589960 /* WatchKit.framework in Frameworks */ = {isa = PBXBuildFile; fileRef = B42F69224B2415F36C1294F4 /* WatchKit.framework */; };
/* End PBXBuildFile section */

/* Begin PBXContainerItemProxy section */
		F5991E762E66DA9C006885C5 /* PBXContainerItemProxy */ = {
			isa = PBXContainerItemProxy;
			containerPortal = 1A3AF9A2473006E23EC05FB3 /* Project object */;
			proxyType = 1;
			remoteGlobalIDString = 4BE11503B9DECC4A73F871B5;
			remoteInfo = "DhikrCounter Watch App";
		};
		F5991E912E66F499006885C5 /* PBXContainerItemProxy */ = {
			isa = PBXContainerItemProxy;
			containerPortal = 1A3AF9A2473006E23EC05FB3 /* Project object */;
			proxyType = 1;
			remoteGlobalIDString = 4BE11503B9DECC4A73F871B5;
			remoteInfo = "DhikrCounter Watch App";
		};
		F5991E942E66F4C2006885C5 /* PBXContainerItemProxy */ = {
			isa = PBXContainerItemProxy;
			containerPortal = 1A3AF9A2473006E23EC05FB3 /* Project object */;
			proxyType = 1;
			remoteGlobalIDString = 4BE11503B9DECC4A73F871B5;
			remoteInfo = "DhikrCounter Watch App";
		};
/* End PBXContainerItemProxy section */

/* Begin PBXCopyFilesBuildPhase section */
		F5991E8A2E66E2A4006885C5 /* Embed ExtensionKit Extensions */ = {
			isa = PBXCopyFilesBuildPhase;
			buildActionMask = 2147483647;
			dstPath = "$(EXTENSIONS_FOLDER_PATH)";
			dstSubfolderSpec = 16;
			files = (
			);
			name = "Embed ExtensionKit Extensions";
			runOnlyForDeploymentPostprocessing = 0;
		};
		F5991E932E66F499006885C5 /* Embed Watch Content */ = {
			isa = PBXCopyFilesBuildPhase;
			buildActionMask = 2147483647;
			dstPath = "$(CONTENTS_FOLDER_PATH)/Watch";
			dstSubfolderSpec = 16;
			files = (
				F5991E902E66F499006885C5 /* DhikrCounter Watch App.app in Embed Watch Content */,
			);
			name = "Embed Watch Content";
			runOnlyForDeploymentPostprocessing = 0;
		};
/* End PBXCopyFilesBuildPhase section */

/* Begin PBXFileReference section */
		01E63FC198631DA60983C514 /* MilestoneView.swift */ = {isa = PBXFileReference; lastKnownFileType = sourcecode.swift; path = MilestoneView.swift; sourceTree = "<group>"; };
		05895FD8BCFAEE6DFE45942C /* CoreMotion.framework */ = {isa = PBXFileReference; lastKnownFileType = wrapper.framework; name = CoreMotion.framework; path = System/Library/Frameworks/CoreMotion.framework; sourceTree = SDKROOT; };
		19B28EBF61C67C7579DB4D07 /* SwiftUI.framework */ = {isa = PBXFileReference; lastKnownFileType = wrapper.framework; name = SwiftUI.framework; path = System/Library/Frameworks/SwiftUI.framework; sourceTree = SDKROOT; };
		1E99CC193BB517BA466218A0 /* ContentView.swift */ = {isa = PBXFileReference; lastKnownFileType = sourcecode.swift; path = ContentView.swift; sourceTree = "<group>"; };
		31683209E7C5139A132FBBC6 /* DhikrCounter Watch App.app */ = {isa = PBXFileReference; explicitFileType = wrapper.application; includeInIndex = 0; path = "DhikrCounter Watch App.app"; sourceTree = BUILT_PRODUCTS_DIR; };
		7AFDA871D0700BE67FFE7D7D /* DhikrSession.swift */ = {isa = PBXFileReference; lastKnownFileType = sourcecode.swift; path = DhikrSession.swift; sourceTree = "<group>"; };
		93456EC972708BE419D20ECF /* Assets.xcassets */ = {isa = PBXFileReference; lastKnownFileType = folder.assetcatalog; path = Assets.xcassets; sourceTree = "<group>"; };
		955A2F5C2ABB7D9A3B6748A9 /* Assets.xcassets */ = {isa = PBXFileReference; lastKnownFileType = folder.assetcatalog; path = Assets.xcassets; sourceTree = "<group>"; };
		95962C65F7C8378891BE7110 /* WatchConnectivity.framework */ = {isa = PBXFileReference; lastKnownFileType = wrapper.framework; name = WatchConnectivity.framework; path = System/Library/Frameworks/WatchConnectivity.framework; sourceTree = SDKROOT; };
		95B8AC259A575FF2DA04BC25 /* Info.plist */ = {isa = PBXFileReference; lastKnownFileType = text.plist; path = Info.plist; sourceTree = "<group>"; };
		A216365DDD7AF6383A11141E /* SensorReading.swift */ = {isa = PBXFileReference; lastKnownFileType = sourcecode.swift; path = SensorReading.swift; sourceTree = "<group>"; };
		AD5D7A008CC4FF919C03389A /* DhikrCounter.app */ = {isa = PBXFileReference; explicitFileType = wrapper.application; includeInIndex = 0; path = DhikrCounter.app; sourceTree = BUILT_PRODUCTS_DIR; };
		AF3B7583992444EEB48508FC /* DhikrCounterCompanionApp.swift */ = {isa = PBXFileReference; lastKnownFileType = sourcecode.swift; path = DhikrCounterCompanionApp.swift; sourceTree = "<group>"; };
		AF6B553DA73B0BD972D1242F /* DhikrCounterApp.swift */ = {isa = PBXFileReference; lastKnownFileType = sourcecode.swift; path = DhikrCounterApp.swift; sourceTree = "<group>"; };
		B3FCAF1BF6DC6DFB148D3241 /* SessionView.swift */ = {isa = PBXFileReference; lastKnownFileType = sourcecode.swift; path = SessionView.swift; sourceTree = "<group>"; };
		B42F69224B2415F36C1294F4 /* WatchKit.framework */ = {isa = PBXFileReference; lastKnownFileType = wrapper.framework; name = WatchKit.framework; path = System/Library/Frameworks/WatchKit.framework; sourceTree = SDKROOT; };
		B95CADC91A5C2F92B6F4F9F0 /* DhikrDetectionEngine.swift */ = {isa = PBXFileReference; lastKnownFileType = sourcecode.swift; path = DhikrDetectionEngine.swift; sourceTree = "<group>"; };
		BC78D9438E3F6B8D4933619A /* DetectionEvent.swift */ = {isa = PBXFileReference; lastKnownFileType = sourcecode.swift; path = DetectionEvent.swift; sourceTree = "<group>"; };
		C740095B6C0FC7671A15F035 /* CompanionContentView.swift */ = {isa = PBXFileReference; lastKnownFileType = sourcecode.swift; path = CompanionContentView.swift; sourceTree = "<group>"; };
		D42AB9AAAF757BB67A9CBA94 /* Info.plist */ = {isa = PBXFileReference; lastKnownFileType = text.plist; path = Info.plist; sourceTree = "<group>"; };
		F505F6562E66C792003714BE /* WatchSessionManager.swift */ = {isa = PBXFileReference; lastKnownFileType = sourcecode.swift; path = WatchSessionManager.swift; sourceTree = "<group>"; };
		F505F6582E66C7A2003714BE /* PhoneSessionManager.swift */ = {isa = PBXFileReference; lastKnownFileType = sourcecode.swift; path = PhoneSessionManager.swift; sourceTree = "<group>"; };
		F531EB3A2E6CAB3500CCD0B6 /* DhikrCounter Watch App.entitlements */ = {isa = PBXFileReference; lastKnownFileType = text.plist.entitlements; path = "DhikrCounter Watch App.entitlements"; sourceTree = "<group>"; };
		F531EB3B2E6D23CD00CCD0B6 /* trained_templates.json */ = {isa = PBXFileReference; lastKnownFileType = text.json; path = trained_templates.json; sourceTree = "<group>"; };
		F531EB412E6D795400CCD0B6 /* PinchDetector.swift */ = {isa = PBXFileReference; lastKnownFileType = sourcecode.swift; path = PinchDetector.swift; sourceTree = "<group>"; };
		F531EB562E6E778900CCD0B6 /* TKEOAnalysisDataExporter.swift */ = {isa = PBXFileReference; lastKnownFileType = sourcecode.swift; path = TKEOAnalysisDataExporter.swift; sourceTree = "<group>"; };
		F531EB572E6E778900CCD0B6 /* TKEOAnalysisExporter.swift */ = {isa = PBXFileReference; lastKnownFileType = sourcecode.swift; path = TKEOAnalysisExporter.swift; sourceTree = "<group>"; };
		F531EB582E6E778900CCD0B6 /* TKEOChartImageExporter.swift */ = {isa = PBXFileReference; lastKnownFileType = sourcecode.swift; path = TKEOChartImageExporter.swift; sourceTree = "<group>"; };
		F531EB592E6E778900CCD0B6 /* TKEOExportUI.swift */ = {isa = PBXFileReference; lastKnownFileType = sourcecode.swift; path = TKEOExportUI.swift; sourceTree = "<group>"; };
		F531EB5A2E6E778900CCD0B6 /* TKEOHTMLReportGenerator.swift */ = {isa = PBXFileReference; lastKnownFileType = sourcecode.swift; path = TKEOHTMLReportGenerator.swift; sourceTree = "<group>"; };
		F531EB602E6E8B3E00CCD0B6 /* TKEOChartImageExporter.swift */ = {isa = PBXFileReference; lastKnownFileType = sourcecode.swift; path = TKEOChartImageExporter.swift; sourceTree = "<group>"; };
		F657C64E8290259D316B999E /* Foundation.framework */ = {isa = PBXFileReference; lastKnownFileType = wrapper.framework; name = Foundation.framework; path = System/Library/Frameworks/Foundation.framework; sourceTree = SDKROOT; };
		FEDA213EFCDD446253B7B013 /* DataVisualizationView.swift */ = {isa = PBXFileReference; lastKnownFileType = sourcecode.swift; path = DataVisualizationView.swift; sourceTree = "<group>"; };
/* End PBXFileReference section */

/* Begin PBXFileSystemSynchronizedRootGroup section */
		F5991E7D2E66E2A4006885C5 /* DhikrCounter Watch App Extension */ = {isa = PBXFileSystemSynchronizedRootGroup; explicitFileTypes = {}; explicitFolders = (); path = "DhikrCounter Watch App Extension"; sourceTree = "<group>"; };
/* End PBXFileSystemSynchronizedRootGroup section */

/* Begin PBXFrameworksBuildPhase section */
		A873DD0CA21B8C369288FE31 /* Frameworks */ = {
			isa = PBXFrameworksBuildPhase;
			buildActionMask = 2147483647;
			files = (
				79CDA13AC525E73D54686D18 /* WatchConnectivity.framework in Frameworks */,
				FAAC33ABD9E9A7C22A589960 /* WatchKit.framework in Frameworks */,
				7C2905802AE7A2DBA886853E /* SwiftUI.framework in Frameworks */,
				63E0E58DB7BA33E1C53F1DB7 /* CoreMotion.framework in Frameworks */,
			);
			runOnlyForDeploymentPostprocessing = 0;
		};
		CA0A5DE7579A8CAB0860A7E6 /* Frameworks */ = {
			isa = PBXFrameworksBuildPhase;
			buildActionMask = 2147483647;
			files = (
				9BDB0D46B42A27A8BAE0242C /* WatchConnectivity.framework in Frameworks */,
				79F61F1F8ED977AF362AD07B /* Foundation.framework in Frameworks */,
				D11E1A0C9DFFB780BC229F9C /* SwiftUI.framework in Frameworks */,
			);
			runOnlyForDeploymentPostprocessing = 0;
		};
/* End PBXFrameworksBuildPhase section */

/* Begin PBXGroup section */
		4AF01F2022C84C1A067DE418 /* DhikrCounter */ = {
			isa = PBXGroup;
			children = (
				F531EB602E6E8B3E00CCD0B6 /* TKEOChartImageExporter.swift */,
				F531EB562E6E778900CCD0B6 /* TKEOAnalysisDataExporter.swift */,
				F531EB572E6E778900CCD0B6 /* TKEOAnalysisExporter.swift */,
				F531EB582E6E778900CCD0B6 /* TKEOChartImageExporter.swift */,
				F531EB592E6E778900CCD0B6 /* TKEOExportUI.swift */,
				F531EB5A2E6E778900CCD0B6 /* TKEOHTMLReportGenerator.swift */,
				F531EB412E6D795400CCD0B6 /* PinchDetector.swift */,
				F505F6582E66C7A2003714BE /* PhoneSessionManager.swift */,
				93456EC972708BE419D20ECF /* Assets.xcassets */,
				C740095B6C0FC7671A15F035 /* CompanionContentView.swift */,
				FEDA213EFCDD446253B7B013 /* DataVisualizationView.swift */,
				AF3B7583992444EEB48508FC /* DhikrCounterCompanionApp.swift */,
				D42AB9AAAF757BB67A9CBA94 /* Info.plist */,
			);
			path = DhikrCounter;
			sourceTree = "<group>";
		};
		4F48E3C182BC9C90519AFA25 /* Products */ = {
			isa = PBXGroup;
			children = (
				31683209E7C5139A132FBBC6 /* DhikrCounter Watch App.app */,
				AD5D7A008CC4FF919C03389A /* DhikrCounter.app */,
			);
			name = Products;
			sourceTree = "<group>";
		};
		7E61FEC58BB7086F89F6C413 /* Shared */ = {
			isa = PBXGroup;
			children = (
				BC78D9438E3F6B8D4933619A /* DetectionEvent.swift */,
				7AFDA871D0700BE67FFE7D7D /* DhikrSession.swift */,
				A216365DDD7AF6383A11141E /* SensorReading.swift */,
			);
			path = Shared;
			sourceTree = "<group>";
		};
		8EC7B9FF2761149C94C0E39F /* DhikrCounter Watch App */ = {
			isa = PBXGroup;
			children = (
				F531EB3A2E6CAB3500CCD0B6 /* DhikrCounter Watch App.entitlements */,
				F505F6562E66C792003714BE /* WatchSessionManager.swift */,
				955A2F5C2ABB7D9A3B6748A9 /* Assets.xcassets */,
				1E99CC193BB517BA466218A0 /* ContentView.swift */,
				AF6B553DA73B0BD972D1242F /* DhikrCounterApp.swift */,
				B95CADC91A5C2F92B6F4F9F0 /* DhikrDetectionEngine.swift */,
				95B8AC259A575FF2DA04BC25 /* Info.plist */,
				01E63FC198631DA60983C514 /* MilestoneView.swift */,
				B3FCAF1BF6DC6DFB148D3241 /* SessionView.swift */,
			);
			path = "DhikrCounter Watch App";
			sourceTree = "<group>";
		};
		9A234E8DC4C5434C7688CC4D /* Frameworks */ = {
			isa = PBXGroup;
			children = (
				05895FD8BCFAEE6DFE45942C /* CoreMotion.framework */,
				F657C64E8290259D316B999E /* Foundation.framework */,
				19B28EBF61C67C7579DB4D07 /* SwiftUI.framework */,
				95962C65F7C8378891BE7110 /* WatchConnectivity.framework */,
				B42F69224B2415F36C1294F4 /* WatchKit.framework */,
			);
			name = Frameworks;
			sourceTree = "<group>";
		};
		D09FF684E627CC4332102D82 = {
			isa = PBXGroup;
			children = (
				F531EB3B2E6D23CD00CCD0B6 /* trained_templates.json */,
				4AF01F2022C84C1A067DE418 /* DhikrCounter */,
				8EC7B9FF2761149C94C0E39F /* DhikrCounter Watch App */,
				7E61FEC58BB7086F89F6C413 /* Shared */,
				F5991E7D2E66E2A4006885C5 /* DhikrCounter Watch App Extension */,
				9A234E8DC4C5434C7688CC4D /* Frameworks */,
				4F48E3C182BC9C90519AFA25 /* Products */,
			);
			sourceTree = "<group>";
		};
/* End PBXGroup section */

/* Begin PBXNativeTarget section */
		4BE11503B9DECC4A73F871B5 /* DhikrCounter Watch App */ = {
			isa = PBXNativeTarget;
			buildConfigurationList = 0737BB4A095146EB051C1432 /* Build configuration list for PBXNativeTarget "DhikrCounter Watch App" */;
			buildPhases = (
				FE5CB9253AF4CCDDED67C571 /* Sources */,
				1012EABFE15F2B14610B3500 /* Resources */,
				A873DD0CA21B8C369288FE31 /* Frameworks */,
				F5991E8A2E66E2A4006885C5 /* Embed ExtensionKit Extensions */,
			);
			buildRules = (
			);
			dependencies = (
			);
			name = "DhikrCounter Watch App";
			packageProductDependencies = (
			);
			productName = "DhikrCounter Watch App";
			productReference = 31683209E7C5139A132FBBC6 /* DhikrCounter Watch App.app */;
			productType = "com.apple.product-type.application";
		};
		A3C40F59A3E9A67BBFCC134E /* DhikrCounter */ = {
			isa = PBXNativeTarget;
			buildConfigurationList = F102077F28C7071B7414A59C /* Build configuration list for PBXNativeTarget "DhikrCounter" */;
			buildPhases = (
				3B8213A9C8725B5B29D3CFD1 /* Sources */,
				8DB11148518DA833073DFB5E /* Resources */,
				CA0A5DE7579A8CAB0860A7E6 /* Frameworks */,
				F5991E932E66F499006885C5 /* Embed Watch Content */,
			);
			buildRules = (
			);
			dependencies = (
				F5991E772E66DA9C006885C5 /* PBXTargetDependency */,
				F5991E922E66F499006885C5 /* PBXTargetDependency */,
				F5991E952E66F4C2006885C5 /* PBXTargetDependency */,
			);
			name = DhikrCounter;
			packageProductDependencies = (
			);
			productName = DhikrCounter;
			productReference = AD5D7A008CC4FF919C03389A /* DhikrCounter.app */;
			productType = "com.apple.product-type.application";
		};
/* End PBXNativeTarget section */

/* Begin PBXProject section */
		1A3AF9A2473006E23EC05FB3 /* Project object */ = {
			isa = PBXProject;
			attributes = {
				BuildIndependentTargetsInParallel = YES;
				LastSwiftUpdateCheck = 1640;
				LastUpgradeCheck = 1430;
			};
			buildConfigurationList = 6515E584463DA5E859CFF131 /* Build configuration list for PBXProject "DhikrCounter" */;
			compatibilityVersion = "Xcode 14.0";
			developmentRegion = en;
			hasScannedForEncodings = 0;
			knownRegions = (
				Base,
				en,
			);
			mainGroup = D09FF684E627CC4332102D82;
			minimizedProjectReferenceProxies = 1;
			projectDirPath = "";
			projectRoot = "";
			targets = (
				A3C40F59A3E9A67BBFCC134E /* DhikrCounter */,
				4BE11503B9DECC4A73F871B5 /* DhikrCounter Watch App */,
			);
		};
/* End PBXProject section */

/* Begin PBXResourcesBuildPhase section */
		1012EABFE15F2B14610B3500 /* Resources */ = {
			isa = PBXResourcesBuildPhase;
			buildActionMask = 2147483647;
			files = (
				0B20F841BCE8466863936F39 /* Assets.xcassets in Resources */,
			);
			runOnlyForDeploymentPostprocessing = 0;
		};
		8DB11148518DA833073DFB5E /* Resources */ = {
			isa = PBXResourcesBuildPhase;
			buildActionMask = 2147483647;
			files = (
				7AEA6899E904E6C8DABC8B4F /* Assets.xcassets in Resources */,
				F531EB3C2E6D23CD00CCD0B6 /* trained_templates.json in Resources */,
			);
			runOnlyForDeploymentPostprocessing = 0;
		};
/* End PBXResourcesBuildPhase section */

/* Begin PBXSourcesBuildPhase section */
		3B8213A9C8725B5B29D3CFD1 /* Sources */ = {
			isa = PBXSourcesBuildPhase;
			buildActionMask = 2147483647;
			files = (
				AD35DC2FC6852F771701A144 /* CompanionContentView.swift in Sources */,
				6BC47273E49B7D5E32BC94F0 /* DataVisualizationView.swift in Sources */,
				F531EB422E6D795400CCD0B6 /* PinchDetector.swift in Sources */,
				8B4DCF8588BB17059A74B1E5 /* DetectionEvent.swift in Sources */,
				F531EB612E6E8B3E00CCD0B6 /* TKEOChartImageExporter.swift in Sources */,
				05F5AF870A839A38B9E93944 /* DhikrCounterCompanionApp.swift in Sources */,
				5E9CAF645B9CD229BEBA4B60 /* DhikrSession.swift in Sources */,
				F505F6592E66C7A2003714BE /* PhoneSessionManager.swift in Sources */,
				F531EB5B2E6E778900CCD0B6 /* TKEOChartImageExporter.swift in Sources */,
				F531EB5C2E6E778900CCD0B6 /* TKEOExportUI.swift in Sources */,
				F531EB5D2E6E778900CCD0B6 /* TKEOHTMLReportGenerator.swift in Sources */,
				F531EB5E2E6E778900CCD0B6 /* TKEOAnalysisDataExporter.swift in Sources */,
				F531EB5F2E6E778900CCD0B6 /* TKEOAnalysisExporter.swift in Sources */,
				ADEF9BF1E2FE041A5D411AC8 /* SensorReading.swift in Sources */,
			);
			runOnlyForDeploymentPostprocessing = 0;
		};
		FE5CB9253AF4CCDDED67C571 /* Sources */ = {
			isa = PBXSourcesBuildPhase;
			buildActionMask = 2147483647;
			files = (
				4C7A9EE206F91488BBE29406 /* ContentView.swift in Sources */,
				036FD2741EB0FCA9ABDDA551 /* DetectionEvent.swift in Sources */,
				726804E3EC7F72E2CE8F891F /* DhikrCounterApp.swift in Sources */,
				9E3F8A9C6CAD1D4683CB1C72 /* DhikrDetectionEngine.swift in Sources */,
				F505F6572E66C792003714BE /* WatchSessionManager.swift in Sources */,
				43DCBBF8A1AB8FCDB652E389 /* DhikrSession.swift in Sources */,
				2035D7153706B6A4E0B6A76A /* MilestoneView.swift in Sources */,
				692B0EA91BAB925090D459F0 /* SensorReading.swift in Sources */,
				C01845AD9A84B3EABC33FB02 /* SessionView.swift in Sources */,
			);
			runOnlyForDeploymentPostprocessing = 0;
		};
/* End PBXSourcesBuildPhase section */

/* Begin PBXTargetDependency section */
		F5991E772E66DA9C006885C5 /* PBXTargetDependency */ = {
			isa = PBXTargetDependency;
			target = 4BE11503B9DECC4A73F871B5 /* DhikrCounter Watch App */;
			targetProxy = F5991E762E66DA9C006885C5 /* PBXContainerItemProxy */;
		};
		F5991E922E66F499006885C5 /* PBXTargetDependency */ = {
			isa = PBXTargetDependency;
			target = 4BE11503B9DECC4A73F871B5 /* DhikrCounter Watch App */;
			targetProxy = F5991E912E66F499006885C5 /* PBXContainerItemProxy */;
		};
		F5991E952E66F4C2006885C5 /* PBXTargetDependency */ = {
			isa = PBXTargetDependency;
			target = 4BE11503B9DECC4A73F871B5 /* DhikrCounter Watch App */;
			targetProxy = F5991E942E66F4C2006885C5 /* PBXContainerItemProxy */;
		};
/* End PBXTargetDependency section */

/* Begin XCBuildConfiguration section */
		57A16E03F1F0214995F4F493 /* Release */ = {
			isa = XCBuildConfiguration;
			buildSettings = {
				ASSETCATALOG_COMPILER_APPICON_NAME = AppIcon;
				CODE_SIGN_ENTITLEMENTS = "DhikrCounter Watch App/DhikrCounter Watch App.entitlements";
				DEVELOPMENT_TEAM = 987CDQSA63;
				INFOPLIST_FILE = "DhikrCounter Watch App/Info.plist";
				PRODUCT_BUNDLE_IDENTIFIER = com.fuutaworks.DhikrCounter.watchkitapp;
				SDKROOT = watchos;
				SKIP_INSTALL = NO;
				TARGETED_DEVICE_FAMILY = 4;
				WATCHOS_DEPLOYMENT_TARGET = 10.0;
			};
			name = Release;
		};
		6C979EBC390210A27027447A /* Debug */ = {
			isa = XCBuildConfiguration;
			buildSettings = {
				ASSETCATALOG_COMPILER_APPICON_NAME = AppIcon;
				CODE_SIGN_IDENTITY = "Apple Development";
				CODE_SIGN_STYLE = Automatic;
				DEVELOPMENT_TEAM = 987CDQSA63;
				INFOPLIST_FILE = DhikrCounter/Info.plist;
				IPHONEOS_DEPLOYMENT_TARGET = 16.0;
				LD_RUNPATH_SEARCH_PATHS = (
					"$(inherited)",
					"@executable_path/Frameworks",
				);
				PRODUCT_BUNDLE_IDENTIFIER = com.fuutaworks.DhikrCounter;
				PROVISIONING_PROFILE_SPECIFIER = "";
				SDKROOT = iphoneos;
				SKIP_INSTALL = NO;
				TARGETED_DEVICE_FAMILY = "1,2";
			};
			name = Debug;
		};
		9EFB41D026AB5AC5B38D32E5 /* Release */ = {
			isa = XCBuildConfiguration;
			buildSettings = {
				ASSETCATALOG_COMPILER_APPICON_NAME = AppIcon;
				CODE_SIGN_IDENTITY = "Apple Development";
				CODE_SIGN_STYLE = Automatic;
				DEVELOPMENT_TEAM = 987CDQSA63;
				INFOPLIST_FILE = DhikrCounter/Info.plist;
				IPHONEOS_DEPLOYMENT_TARGET = 16.0;
				LD_RUNPATH_SEARCH_PATHS = (
					"$(inherited)",
					"@executable_path/Frameworks",
				);
				PRODUCT_BUNDLE_IDENTIFIER = com.fuutaworks.DhikrCounter;
				PROVISIONING_PROFILE_SPECIFIER = "";
				SDKROOT = iphoneos;
				SKIP_INSTALL = NO;
				TARGETED_DEVICE_FAMILY = "1,2";
			};
			name = Release;
		};
		B84DFD8AD7433A84609AFDCA /* Debug */ = {
			isa = XCBuildConfiguration;
			buildSettings = {
				ASSETCATALOG_COMPILER_APPICON_NAME = AppIcon;
				CODE_SIGN_ENTITLEMENTS = "DhikrCounter Watch App/DhikrCounter Watch App.entitlements";
				DEVELOPMENT_TEAM = 987CDQSA63;
				INFOPLIST_FILE = "DhikrCounter Watch App/Info.plist";
				PRODUCT_BUNDLE_IDENTIFIER = com.fuutaworks.DhikrCounter.watchkitapp;
				SDKROOT = watchos;
				SKIP_INSTALL = NO;
				TARGETED_DEVICE_FAMILY = 4;
				WATCHOS_DEPLOYMENT_TARGET = 10.0;
			};
			name = Debug;
		};
		F363EDD3184180129E65F989 /* Debug */ = {
			isa = XCBuildConfiguration;
			buildSettings = {
				ALWAYS_SEARCH_USER_PATHS = NO;
				CLANG_ANALYZER_NONNULL = YES;
				CLANG_ANALYZER_NUMBER_OBJECT_CONVERSION = YES_AGGRESSIVE;
				CLANG_CXX_LANGUAGE_STANDARD = "gnu++14";
				CLANG_CXX_LIBRARY = "libc++";
				CLANG_ENABLE_MODULES = YES;
				CLANG_ENABLE_OBJC_ARC = YES;
				CLANG_ENABLE_OBJC_WEAK = YES;
				CLANG_WARN_BLOCK_CAPTURE_AUTORELEASING = YES;
				CLANG_WARN_BOOL_CONVERSION = YES;
				CLANG_WARN_COMMA = YES;
				CLANG_WARN_CONSTANT_CONVERSION = YES;
				CLANG_WARN_DEPRECATED_OBJC_IMPLEMENTATIONS = YES;
				CLANG_WARN_DIRECT_OBJC_ISA_USAGE = YES_ERROR;
				CLANG_WARN_DOCUMENTATION_COMMENTS = YES;
				CLANG_WARN_EMPTY_BODY = YES;
				CLANG_WARN_ENUM_CONVERSION = YES;
				CLANG_WARN_INFINITE_RECURSION = YES;
				CLANG_WARN_INT_CONVERSION = YES;
				CLANG_WARN_NON_LITERAL_NULL_CONVERSION = YES;
				CLANG_WARN_OBJC_IMPLICIT_RETAIN_SELF = YES;
				CLANG_WARN_OBJC_LITERAL_CONVERSION = YES;
				CLANG_WARN_OBJC_ROOT_CLASS = YES_ERROR;
				CLANG_WARN_QUOTED_INCLUDE_IN_FRAMEWORK_HEADER = YES;
				CLANG_WARN_RANGE_LOOP_ANALYSIS = YES;
				CLANG_WARN_STRICT_PROTOTYPES = YES;
				CLANG_WARN_SUSPICIOUS_MOVE = YES;
				CLANG_WARN_UNGUARDED_AVAILABILITY = YES_AGGRESSIVE;
				CLANG_WARN_UNREACHABLE_CODE = YES;
				CLANG_WARN__DUPLICATE_METHOD_MATCH = YES;
				COPY_PHASE_STRIP = NO;
				CURRENT_PROJECT_VERSION = 1;
				DEBUG_INFORMATION_FORMAT = dwarf;
				ENABLE_STRICT_OBJC_MSGSEND = YES;
				ENABLE_TESTABILITY = YES;
				GCC_C_LANGUAGE_STANDARD = gnu11;
				GCC_DYNAMIC_NO_PIC = NO;
				GCC_NO_COMMON_BLOCKS = YES;
				GCC_OPTIMIZATION_LEVEL = 0;
				GCC_PREPROCESSOR_DEFINITIONS = (
					"$(inherited)",
					"DEBUG=1",
				);
				GCC_WARN_64_TO_32_BIT_CONVERSION = YES;
				GCC_WARN_ABOUT_RETURN_TYPE = YES_ERROR;
				GCC_WARN_UNDECLARED_SELECTOR = YES;
				GCC_WARN_UNINITIALIZED_AUTOS = YES_AGGRESSIVE;
				GCC_WARN_UNUSED_FUNCTION = YES;
				GCC_WARN_UNUSED_VARIABLE = YES;
				IPHONEOS_DEPLOYMENT_TARGET = 16.0;
				MARKETING_VERSION = 1.0;
				MTL_ENABLE_DEBUG_INFO = INCLUDE_SOURCE;
				MTL_FAST_MATH = YES;
				ONLY_ACTIVE_ARCH = YES;
				PRODUCT_NAME = "$(TARGET_NAME)";
				SWIFT_ACTIVE_COMPILATION_CONDITIONS = DEBUG;
				SWIFT_OPTIMIZATION_LEVEL = "-Onone";
				SWIFT_VERSION = 5.0;
				WATCHOS_DEPLOYMENT_TARGET = 10.0;
			};
			name = Debug;
		};
		F52F60768D08DA22910CDDB9 /* Release */ = {
			isa = XCBuildConfiguration;
			buildSettings = {
				ALWAYS_SEARCH_USER_PATHS = NO;
				CLANG_ANALYZER_NONNULL = YES;
				CLANG_ANALYZER_NUMBER_OBJECT_CONVERSION = YES_AGGRESSIVE;
				CLANG_CXX_LANGUAGE_STANDARD = "gnu++14";
				CLANG_CXX_LIBRARY = "libc++";
				CLANG_ENABLE_MODULES = YES;
				CLANG_ENABLE_OBJC_ARC = YES;
				CLANG_ENABLE_OBJC_WEAK = YES;
				CLANG_WARN_BLOCK_CAPTURE_AUTORELEASING = YES;
				CLANG_WARN_BOOL_CONVERSION = YES;
				CLANG_WARN_COMMA = YES;
				CLANG_WARN_CONSTANT_CONVERSION = YES;
				CLANG_WARN_DEPRECATED_OBJC_IMPLEMENTATIONS = YES;
				CLANG_WARN_DIRECT_OBJC_ISA_USAGE = YES_ERROR;
				CLANG_WARN_DOCUMENTATION_COMMENTS = YES;
				CLANG_WARN_EMPTY_BODY = YES;
				CLANG_WARN_ENUM_CONVERSION = YES;
				CLANG_WARN_INFINITE_RECURSION = YES;
				CLANG_WARN_INT_CONVERSION = YES;
				CLANG_WARN_NON_LITERAL_NULL_CONVERSION = YES;
				CLANG_WARN_OBJC_IMPLICIT_RETAIN_SELF = YES;
				CLANG_WARN_OBJC_LITERAL_CONVERSION = YES;
				CLANG_WARN_OBJC_ROOT_CLASS = YES_ERROR;
				CLANG_WARN_QUOTED_INCLUDE_IN_FRAMEWORK_HEADER = YES;
				CLANG_WARN_RANGE_LOOP_ANALYSIS = YES;
				CLANG_WARN_STRICT_PROTOTYPES = YES;
				CLANG_WARN_SUSPICIOUS_MOVE = YES;
				CLANG_WARN_UNGUARDED_AVAILABILITY = YES_AGGRESSIVE;
				CLANG_WARN_UNREACHABLE_CODE = YES;
				CLANG_WARN__DUPLICATE_METHOD_MATCH = YES;
				COPY_PHASE_STRIP = NO;
				CURRENT_PROJECT_VERSION = 1;
				DEBUG_INFORMATION_FORMAT = "dwarf-with-dsym";
				ENABLE_NS_ASSERTIONS = NO;
				ENABLE_STRICT_OBJC_MSGSEND = YES;
				GCC_C_LANGUAGE_STANDARD = gnu11;
				GCC_NO_COMMON_BLOCKS = YES;
				GCC_WARN_64_TO_32_BIT_CONVERSION = YES;
				GCC_WARN_ABOUT_RETURN_TYPE = YES_ERROR;
				GCC_WARN_UNDECLARED_SELECTOR = YES;
				GCC_WARN_UNINITIALIZED_AUTOS = YES_AGGRESSIVE;
				GCC_WARN_UNUSED_FUNCTION = YES;
				GCC_WARN_UNUSED_VARIABLE = YES;
				IPHONEOS_DEPLOYMENT_TARGET = 16.0;
				MARKETING_VERSION = 1.0;
				MTL_ENABLE_DEBUG_INFO = NO;
				MTL_FAST_MATH = YES;
				PRODUCT_NAME = "$(TARGET_NAME)";
				SWIFT_COMPILATION_MODE = wholemodule;
				SWIFT_OPTIMIZATION_LEVEL = "-O";
				SWIFT_VERSION = 5.0;
				WATCHOS_DEPLOYMENT_TARGET = 10.0;
			};
			name = Release;
		};
/* End XCBuildConfiguration section */

/* Begin XCConfigurationList section */
		0737BB4A095146EB051C1432 /* Build configuration list for PBXNativeTarget "DhikrCounter Watch App" */ = {
			isa = XCConfigurationList;
			buildConfigurations = (
				B84DFD8AD7433A84609AFDCA /* Debug */,
				57A16E03F1F0214995F4F493 /* Release */,
			);
			defaultConfigurationIsVisible = 0;
			defaultConfigurationName = Debug;
		};
		6515E584463DA5E859CFF131 /* Build configuration list for PBXProject "DhikrCounter" */ = {
			isa = XCConfigurationList;
			buildConfigurations = (
				F363EDD3184180129E65F989 /* Debug */,
				F52F60768D08DA22910CDDB9 /* Release */,
			);
			defaultConfigurationIsVisible = 0;
			defaultConfigurationName = Debug;
		};
		F102077F28C7071B7414A59C /* Build configuration list for PBXNativeTarget "DhikrCounter" */ = {
			isa = XCConfigurationList;
			buildConfigurations = (
				6C979EBC390210A27027447A /* Debug */,
				9EFB41D026AB5AC5B38D32E5 /* Release */,
			);
			defaultConfigurationIsVisible = 0;
			defaultConfigurationName = Debug;
		};
/* End XCConfigurationList section */
	};
	rootObject = 1A3AF9A2473006E23EC05FB3 /* Project object */;
}
