// !$*UTF8*$!
{
	archiveVersion = 1;
	classes = {
	};
	objectVersion = 77;
	objects = {

/* Begin PBXBuildFile section */
		05F5AF870A839A38B9E93944 /* DhikrCounterCompanionApp.swift in Sources */ = {isa = PBXBuildFile; fileRef = AF3B7583992444EEB48508FC /* DhikrCounterCompanionApp.swift */; };
		6BC47273E49B7D5E32BC94F0 /* DataVisualizationView.swift in Sources */ = {isa = PBXBuildFile; fileRef = FEDA213EFCDD446253B7B013 /* DataVisualizationView.swift */; };
		7AEA6899E904E6C8DABC8B4F /* Assets.xcassets in Resources */ = {isa = PBXBuildFile; fileRef = 93456EC972708BE419D20ECF /* Assets.xcassets */; };
		8B4DCF8588BB17059A74B1E5 /* DetectionEvent.swift in Sources */ = {isa = PBXBuildFile; fileRef = BC78D9438E3F6B8D4933619A /* DetectionEvent.swift */; };
		AD35DC2FC6852F771701A144 /* CompanionContentView.swift in Sources */ = {isa = PBXBuildFile; fileRef = C740095B6C0FC7671A15F035 /* CompanionContentView.swift */; };
		ADEF9BF1E2FE041A5D411AC8 /* SensorReading.swift in Sources */ = {isa = PBXBuildFile; fileRef = A216365DDD7AF6383A11141E /* SensorReading.swift */; };
/* End PBXBuildFile section */

/* Begin PBXFileReference section */
		93456EC972708BE419D20ECF /* Assets.xcassets */ = {isa = PBXFileReference; lastKnownFileType = folder.assetcatalog; path = Assets.xcassets; sourceTree = "<group>"; };
		A216365DDD7AF6383A11141E /* SensorReading.swift */ = {isa = PBXFileReference; lastKnownFileType = sourcecode.swift; path = SensorReading.swift; sourceTree = "<group>"; };
		AD5D7A008CC4FF919C03389A /* DhikrCounter.app */ = {isa = PBXFileReference; includeInIndex = 0; lastKnownFileType = wrapper.application; path = DhikrCounter.app; sourceTree = BUILT_PRODUCTS_DIR; };
		AF3B7583992444EEB48508FC /* DhikrCounterCompanionApp.swift */ = {isa = PBXFileReference; lastKnownFileType = sourcecode.swift; path = DhikrCounterCompanionApp.swift; sourceTree = "<group>"; };
		BC78D9438E3F6B8D4933619A /* DetectionEvent.swift */ = {isa = PBXFileReference; lastKnownFileType = sourcecode.swift; path = DetectionEvent.swift; sourceTree = "<group>"; };
		C740095B6C0FC7671A15F035 /* CompanionContentView.swift */ = {isa = PBXFileReference; lastKnownFileType = sourcecode.swift; path = CompanionContentView.swift; sourceTree = "<group>"; };
		D42AB9AAAF757BB67A9CBA94 /* Info.plist */ = {isa = PBXFileReference; lastKnownFileType = text.plist; path = Info.plist; sourceTree = "<group>"; };
		FEDA213EFCDD446253B7B013 /* DataVisualizationView.swift */ = {isa = PBXFileReference; lastKnownFileType = sourcecode.swift; path = DataVisualizationView.swift; sourceTree = "<group>"; };
/* End PBXFileReference section */

/* Begin PBXGroup section */
		4AF01F2022C84C1A067DE418 /* DhikrCounter */ = {
			isa = PBXGroup;
			children = (
				93456EC972708BE419D20ECF /* Assets.xcassets */,
				C740095B6C0FC7671A15F035 /* CompanionContentView.swift */,
				FEDA213EFCDD446253B7B013 /* DataVisualizationView.swift */,
				AF3B7583992444EEB48508FC /* DhikrCounterCompanionApp.swift */,
				D42AB9AAAF757BB67A9CBA94 /* Info.plist */,
			);
			path = DhikrCounter;
			sourceTree = "<group>";
		};
		4F48E3C182BC9C90519AFA25 /* Products */ = {
			isa = PBXGroup;
			children = (
				AD5D7A008CC4FF919C03389A /* DhikrCounter.app */,
			);
			name = Products;
			sourceTree = "<group>";
		};
		7E61FEC58BB7086F89F6C413 /* Shared */ = {
			isa = PBXGroup;
			children = (
				BC78D9438E3F6B8D4933619A /* DetectionEvent.swift */,
				A216365DDD7AF6383A11141E /* SensorReading.swift */,
			);
			path = Shared;
			sourceTree = "<group>";
		};
		D09FF684E627CC4332102D82 = {
			isa = PBXGroup;
			children = (
				4AF01F2022C84C1A067DE418 /* DhikrCounter */,
				7E61FEC58BB7086F89F6C413 /* Shared */,
				4F48E3C182BC9C90519AFA25 /* Products */,
			);
			sourceTree = "<group>";
		};
/* End PBXGroup section */

/* Begin PBXNativeTarget section */
		A3C40F59A3E9A67BBFCC134E /* DhikrCounter */ = {
			isa = PBXNativeTarget;
			buildConfigurationList = F102077F28C7071B7414A59C /* Build configuration list for PBXNativeTarget "DhikrCounter" */;
			buildPhases = (
				3B8213A9C8725B5B29D3CFD1 /* Sources */,
				8DB11148518DA833073DFB5E /* Resources */,
			);
			buildRules = (
			);
			dependencies = (
			);
			name = DhikrCounter;
			packageProductDependencies = (
			);
			productName = DhikrCounter;
			productReference = AD5D7A008CC4FF919C03389A /* DhikrCounter.app */;
			productType = "com.apple.product-type.application";
		};
/* End PBXNativeTarget section */

/* Begin PBXProject section */
		1A3AF9A2473006E23EC05FB3 /* Project object */ = {
			isa = PBXProject;
			attributes = {
				BuildIndependentTargetsInParallel = YES;
				LastUpgradeCheck = 1430;
			};
			buildConfigurationList = 6515E584463DA5E859CFF131 /* Build configuration list for PBXProject "DhikrCounter" */;
			compatibilityVersion = "Xcode 14.0";
			developmentRegion = en;
			hasScannedForEncodings = 0;
			knownRegions = (
				Base,
				en,
			);
			mainGroup = D09FF684E627CC4332102D82;
			minimizedProjectReferenceProxies = 1;
			preferredProjectObjectVersion = 77;
			projectDirPath = "";
			projectRoot = "";
			targets = (
				A3C40F59A3E9A67BBFCC134E /* DhikrCounter */,
			);
		};
/* End PBXProject section */

/* Begin PBXResourcesBuildPhase section */
		8DB11148518DA833073DFB5E /* Resources */ = {
			isa = PBXResourcesBuildPhase;
			buildActionMask = 2147483647;
			files = (
				7AEA6899E904E6C8DABC8B4F /* Assets.xcassets in Resources */,
			);
			runOnlyForDeploymentPostprocessing = 0;
		};
/* End PBXResourcesBuildPhase section */

/* Begin PBXSourcesBuildPhase section */
		3B8213A9C8725B5B29D3CFD1 /* Sources */ = {
			isa = PBXSourcesBuildPhase;
			buildActionMask = 2147483647;
			files = (
				AD35DC2FC6852F771701A144 /* CompanionContentView.swift in Sources */,
				6BC47273E49B7D5E32BC94F0 /* DataVisualizationView.swift in Sources */,
				8B4DCF8588BB17059A74B1E5 /* DetectionEvent.swift in Sources */,
				05F5AF870A839A38B9E93944 /* DhikrCounterCompanionApp.swift in Sources */,
				ADEF9BF1E2FE041A5D411AC8 /* SensorReading.swift in Sources */,
			);
			runOnlyForDeploymentPostprocessing = 0;
		};
/* End PBXSourcesBuildPhase section */

/* Begin XCBuildConfiguration section */
		6C979EBC390210A27027447A /* Debug */ = {
			isa = XCBuildConfiguration;
			buildSettings = {
				ASSETCATALOG_COMPILER_APPICON_NAME = AppIcon;
				CODE_SIGN_IDENTITY = "iPhone Developer";
				INFOPLIST_FILE = DhikrCounter/Info.plist;
				IPHONEOS_DEPLOYMENT_TARGET = 17.0;
				LD_RUNPATH_SEARCH_PATHS = (
					"$(inherited)",
					"@executable_path/Frameworks",
				);
				PRODUCT_BUNDLE_IDENTIFIER = com.fuutaworks.DhikrCounter;
				SDKROOT = iphoneos;
				TARGETED_DEVICE_FAMILY = "1,2";
			};
			name = Debug;
		};
		9EFB41D026AB5AC5B38D32E5 /* Release */ = {
			isa = XCBuildConfiguration;
			buildSettings = {
				ASSETCATALOG_COMPILER_APPICON_NAME = AppIcon;
				CODE_SIGN_IDENTITY = "iPhone Developer";
				INFOPLIST_FILE = DhikrCounter/Info.plist;
				IPHONEOS_DEPLOYMENT_TARGET = 17.0;
				LD_RUNPATH_SEARCH_PATHS = (
					"$(inherited)",
					"@executable_path/Frameworks",
				);
				PRODUCT_BUNDLE_IDENTIFIER = com.fuutaworks.DhikrCounter;
				SDKROOT = iphoneos;
				TARGETED_DEVICE_FAMILY = "1,2";
			};
			name = Release;
		};
		F363EDD3184180129E65F989 /* Debug */ = {
			isa = XCBuildConfiguration;
			buildSettings = {
				ALWAYS_SEARCH_USER_PATHS = NO;
				CLANG_ANALYZER_NONNULL = YES;
				CLANG_ANALYZER_NUMBER_OBJECT_CONVERSION = YES_AGGRESSIVE;
				CLANG_CXX_LANGUAGE_STANDARD = "gnu++14";
				CLANG_CXX_LIBRARY = "libc++";
				CLANG_ENABLE_MODULES = YES;
				CLANG_ENABLE_OBJC_ARC = YES;
				CLANG_ENABLE_OBJC_WEAK = YES;
				CLANG_WARN_BLOCK_CAPTURE_AUTORELEASING = YES;
				CLANG_WARN_BOOL_CONVERSION = YES;
				CLANG_WARN_COMMA = YES;
				CLANG_WARN_CONSTANT_CONVERSION = YES;
				CLANG_WARN_DEPRECATED_OBJC_IMPLEMENTATIONS = YES;
				CLANG_WARN_DIRECT_OBJC_ISA_USAGE = YES_ERROR;
				CLANG_WARN_DOCUMENTATION_COMMENTS = YES;
				CLANG_WARN_EMPTY_BODY = YES;
				CLANG_WARN_ENUM_CONVERSION = YES;
				CLANG_WARN_INFINITE_RECURSION = YES;
				CLANG_WARN_INT_CONVERSION = YES;
				CLANG_WARN_NON_LITERAL_NULL_CONVERSION = YES;
				CLANG_WARN_OBJC_IMPLICIT_RETAIN_SELF = YES;
				CLANG_WARN_OBJC_LITERAL_CONVERSION = YES;
				CLANG_WARN_OBJC_ROOT_CLASS = YES_ERROR;
				CLANG_WARN_QUOTED_INCLUDE_IN_FRAMEWORK_HEADER = YES;
				CLANG_WARN_RANGE_LOOP_ANALYSIS = YES;
				CLANG_WARN_STRICT_PROTOTYPES = YES;
				CLANG_WARN_SUSPICIOUS_MOVE = YES;
				CLANG_WARN_UNGUARDED_AVAILABILITY = YES_AGGRESSIVE;
				CLANG_WARN_UNREACHABLE_CODE = YES;
				CLANG_WARN__DUPLICATE_METHOD_MATCH = YES;
				COPY_PHASE_STRIP = NO;
				CURRENT_PROJECT_VERSION = 1;
				DEBUG_INFORMATION_FORMAT = dwarf;
				ENABLE_STRICT_OBJC_MSGSEND = YES;
				ENABLE_TESTABILITY = YES;
				GCC_C_LANGUAGE_STANDARD = gnu11;
				GCC_DYNAMIC_NO_PIC = NO;
				GCC_NO_COMMON_BLOCKS = YES;
				GCC_OPTIMIZATION_LEVEL = 0;
				GCC_PREPROCESSOR_DEFINITIONS = (
					"$(inherited)",
					"DEBUG=1",
				);
				GCC_WARN_64_TO_32_BIT_CONVERSION = YES;
				GCC_WARN_ABOUT_RETURN_TYPE = YES_ERROR;
				GCC_WARN_UNDECLARED_SELECTOR = YES;
				GCC_WARN_UNINITIALIZED_AUTOS = YES_AGGRESSIVE;
				GCC_WARN_UNUSED_FUNCTION = YES;
				GCC_WARN_UNUSED_VARIABLE = YES;
				IPHONEOS_DEPLOYMENT_TARGET = 17.0;
				MARKETING_VERSION = 1.0;
				MTL_ENABLE_DEBUG_INFO = INCLUDE_SOURCE;
				MTL_FAST_MATH = YES;
				ONLY_ACTIVE_ARCH = YES;
				PRODUCT_NAME = "$(TARGET_NAME)";
				SDKROOT = iphoneos;
				SWIFT_ACTIVE_COMPILATION_CONDITIONS = DEBUG;
				SWIFT_OPTIMIZATION_LEVEL = "-Onone";
				SWIFT_VERSION = 5.0;
				WATCHOS_DEPLOYMENT_TARGET = 10.0;
			};
			name = Debug;
		};
		F52F60768D08DA22910CDDB9 /* Release */ = {
			isa = XCBuildConfiguration;
			buildSettings = {
				ALWAYS_SEARCH_USER_PATHS = NO;
				CLANG_ANALYZER_NONNULL = YES;
				CLANG_ANALYZER_NUMBER_OBJECT_CONVERSION = YES_AGGRESSIVE;
				CLANG_CXX_LANGUAGE_STANDARD = "gnu++14";
				CLANG_CXX_LIBRARY = "libc++";
				CLANG_ENABLE_MODULES = YES;
				CLANG_ENABLE_OBJC_ARC = YES;
				CLANG_ENABLE_OBJC_WEAK = YES;
				CLANG_WARN_BLOCK_CAPTURE_AUTORELEASING = YES;
				CLANG_WARN_BOOL_CONVERSION = YES;
				CLANG_WARN_COMMA = YES;
				CLANG_WARN_CONSTANT_CONVERSION = YES;
				CLANG_WARN_DEPRECATED_OBJC_IMPLEMENTATIONS = YES;
				CLANG_WARN_DIRECT_OBJC_ISA_USAGE = YES_ERROR;
				CLANG_WARN_DOCUMENTATION_COMMENTS = YES;
				CLANG_WARN_EMPTY_BODY = YES;
				CLANG_WARN_ENUM_CONVERSION = YES;
				CLANG_WARN_INFINITE_RECURSION = YES;
				CLANG_WARN_INT_CONVERSION = YES;
				CLANG_WARN_NON_LITERAL_NULL_CONVERSION = YES;
				CLANG_WARN_OBJC_IMPLICIT_RETAIN_SELF = YES;
				CLANG_WARN_OBJC_LITERAL_CONVERSION = YES;
				CLANG_WARN_OBJC_ROOT_CLASS = YES_ERROR;
				CLANG_WARN_QUOTED_INCLUDE_IN_FRAMEWORK_HEADER = YES;
				CLANG_WARN_RANGE_LOOP_ANALYSIS = YES;
				CLANG_WARN_STRICT_PROTOTYPES = YES;
				CLANG_WARN_SUSPICIOUS_MOVE = YES;
				CLANG_WARN_UNGUARDED_AVAILABILITY = YES_AGGRESSIVE;
				CLANG_WARN_UNREACHABLE_CODE = YES;
				CLANG_WARN__DUPLICATE_METHOD_MATCH = YES;
				COPY_PHASE_STRIP = NO;
				CURRENT_PROJECT_VERSION = 1;
				DEBUG_INFORMATION_FORMAT = "dwarf-with-dsym";
				ENABLE_NS_ASSERTIONS = NO;
				ENABLE_STRICT_OBJC_MSGSEND = YES;
				GCC_C_LANGUAGE_STANDARD = gnu11;
				GCC_NO_COMMON_BLOCKS = YES;
				GCC_WARN_64_TO_32_BIT_CONVERSION = YES;
				GCC_WARN_ABOUT_RETURN_TYPE = YES_ERROR;
				GCC_WARN_UNDECLARED_SELECTOR = YES;
				GCC_WARN_UNINITIALIZED_AUTOS = YES_AGGRESSIVE;
				GCC_WARN_UNUSED_FUNCTION = YES;
				GCC_WARN_UNUSED_VARIABLE = YES;
				IPHONEOS_DEPLOYMENT_TARGET = 17.0;
				MARKETING_VERSION = 1.0;
				MTL_ENABLE_DEBUG_INFO = NO;
				MTL_FAST_MATH = YES;
				PRODUCT_NAME = "$(TARGET_NAME)";
				SDKROOT = iphoneos;
				SWIFT_COMPILATION_MODE = wholemodule;
				SWIFT_OPTIMIZATION_LEVEL = "-O";
				SWIFT_VERSION = 5.0;
				WATCHOS_DEPLOYMENT_TARGET = 10.0;
			};
			name = Release;
		};
/* End XCBuildConfiguration section */

/* Begin XCConfigurationList section */
		6515E584463DA5E859CFF131 /* Build configuration list for PBXProject "DhikrCounter" */ = {
			isa = XCConfigurationList;
			buildConfigurations = (
				F363EDD3184180129E65F989 /* Debug */,
				F52F60768D08DA22910CDDB9 /* Release */,
			);
			defaultConfigurationIsVisible = 0;
			defaultConfigurationName = Debug;
		};
		F102077F28C7071B7414A59C /* Build configuration list for PBXNativeTarget "DhikrCounter" */ = {
			isa = XCConfigurationList;
			buildConfigurations = (
				6C979EBC390210A27027447A /* Debug */,
				9EFB41D026AB5AC5B38D32E5 /* Release */,
			);
			defaultConfigurationIsVisible = 0;
			defaultConfigurationName = Debug;
		};
/* End XCConfigurationList section */
	};
	rootObject = 1A3AF9A2473006E23EC05FB3 /* Project object */;
}
